
Microsoft Visual Studio Solution File, Format Version 12.00
# Visual Studio Version 16
VisualStudioVersion = 25.0.1705.4
MinimumVisualStudioVersion = 10.0.40219.1
Project("{FAE04EC0-301F-11D3-BF4B-00C04F79EFBC}") = "NamcoSystem10Decrypter", "NamcoSystem10Decrypter\NamcoSystem10Decrypter.csproj", "{4BD9B821-E617-47CA-9108-BE9CFFD4ECF7}"
EndProject
Global
	GlobalSection(SolutionConfigurationPlatforms) = preSolution
		Debug|Any CPU = Debug|Any CPU
		Release|Any CPU = Release|Any CPU
	EndGlobalSection
	GlobalSection(ProjectConfigurationPlatforms) = postSolution
		{4BD9B821-E617-47CA-9108-BE9CFFD4ECF7}.Debug|Any CPU.ActiveCfg = Debug|Any CPU
		{4BD9B821-E617-47CA-9108-BE9CFFD4ECF7}.Debug|Any CPU.Build.0 = Debug|Any CPU
		{4BD9B821-E617-47CA-9108-BE9CFFD4ECF7}.Release|Any CPU.ActiveCfg = Release|Any CPU
		{4BD9B821-E617-47CA-9108-BE9CFFD4ECF7}.Release|Any CPU.Build.0 = Release|Any CPU
	EndGlobalSection
	GlobalSection(SolutionProperties) = preSolution
		HideSolutionNode = FALSE
	EndGlobalSection
	GlobalSection(ExtensibilityGlobals) = postSolution
		SolutionGuid = {CF5C24BD-DD93-4FAA-94D4-3DC550BF8A4A}
	EndGlobalSection
EndGlobal
